
Microsoft Visual Studio Solution File, Format Version 12.00
# Visual Studio Version 17
VisualStudioVersion = 17.13.35825.156
MinimumVisualStudioVersion = 10.0.40219.1
Project("{FAE04EC0-301F-11D3-BF4B-00C04F79EFBC}") = "UserMicroservice", "UserMicroservice\UserMicroservice.csproj", "{52BFC6D9-7CB4-49BF-A5E4-6C91C91B19B4}"
EndProject
Project("{FAE04EC0-301F-11D3-BF4B-00C04F79EFBC}") = "CCC", "CCC\CCC.csproj", "{D44224A1-0B8C-4030-B227-CE05EB5A5614}"
EndProject
Global
	GlobalSection(SolutionConfigurationPlatforms) = preSolution
		Debug|Any CPU = Debug|Any CPU
		Release|Any CPU = Release|Any CPU
	EndGlobalSection
	GlobalSection(ProjectConfigurationPlatforms) = postSolution
		{52BFC6D9-7CB4-49BF-A5E4-6C91C91B19B4}.Debug|Any CPU.ActiveCfg = Debug|Any CPU
		{52BFC6D9-7CB4-49BF-A5E4-6C91C91B19B4}.Debug|Any CPU.Build.0 = Debug|Any CPU
		{52BFC6D9-7CB4-49BF-A5E4-6C91C91B19B4}.Release|Any CPU.ActiveCfg = Release|Any CPU
		{52BFC6D9-7CB4-49BF-A5E4-6C91C91B19B4}.Release|Any CPU.Build.0 = Release|Any CPU
		{D44224A1-0B8C-4030-B227-CE05EB5A5614}.Debug|Any CPU.ActiveCfg = Debug|Any CPU
		{D44224A1-0B8C-4030-B227-CE05EB5A5614}.Debug|Any CPU.Build.0 = Debug|Any CPU
		{D44224A1-0B8C-4030-B227-CE05EB5A5614}.Release|Any CPU.ActiveCfg = Release|Any CPU
		{D44224A1-0B8C-4030-B227-CE05EB5A5614}.Release|Any CPU.Build.0 = Release|Any CPU
	EndGlobalSection
	GlobalSection(SolutionProperties) = preSolution
		HideSolutionNode = FALSE
	EndGlobalSection
	GlobalSection(ExtensibilityGlobals) = postSolution
		SolutionGuid = {D0CB7755-8526-47C1-B9DD-95B3AA66527F}
	EndGlobalSection
EndGlobal
